// !$*UTF8*$!
{
	archiveVersion = 1;
	classes = {
	};
	objectVersion = 60;
	objects = {

/* Begin PBXBuildFile section */
		CA0000000000000000000200 /* CalRemApp.swift in Sources */ = {isa = PBXBuildFile; fileRef = CA0000000000000000000100 /* CalRemApp.swift */; };
		CA0000000000000000000201 /* TaskPriority.swift in Sources */ = {isa = PBXBuildFile; fileRef = CA0000000000000000000101 /* TaskPriority.swift */; };
		CA0000000000000000000202 /* TaskList.swift in Sources */ = {isa = PBXBuildFile; fileRef = CA0000000000000000000102 /* TaskList.swift */; };
		CA0000000000000000000203 /* TaskItem.swift in Sources */ = {isa = PBXBuildFile; fileRef = CA0000000000000000000103 /* TaskItem.swift */; };
		CA0000000000000000000204 /* PersistenceController.swift in Sources */ = {isa = PBXBuildFile; fileRef = CA0000000000000000000104 /* PersistenceController.swift */; };
		CA0000000000000000000205 /* CalendarMode.swift in Sources */ = {isa = PBXBuildFile; fileRef = CA0000000000000000000105 /* CalendarMode.swift */; };
		CA0000000000000000000206 /* CalendarDateService.swift in Sources */ = {isa = PBXBuildFile; fileRef = CA0000000000000000000106 /* CalendarDateService.swift */; };
		CA0000000000000000000207 /* TaskScheduleValidator.swift in Sources */ = {isa = PBXBuildFile; fileRef = CA0000000000000000000107 /* TaskScheduleValidator.swift */; };
		CA0000000000000000000222 /* CalendarTaskLayoutService.swift in Sources */ = {isa = PBXBuildFile; fileRef = CA0000000000000000000122 /* CalendarTaskLayoutService.swift */; };
		CA0000000000000000000224 /* CalendarInteractionService.swift in Sources */ = {isa = PBXBuildFile; fileRef = CA0000000000000000000124 /* CalendarInteractionService.swift */; };
		CA0000000000000000000226 /* CalendarTaskDraftSchedule.swift in Sources */ = {isa = PBXBuildFile; fileRef = CA0000000000000000000126 /* CalendarTaskDraftSchedule.swift */; };
		CA0000000000000000000228 /* CalendarTaskOccurrence.swift in Sources */ = {isa = PBXBuildFile; fileRef = CA0000000000000000000128 /* CalendarTaskOccurrence.swift */; };
		CA0000000000000000000208 /* NotificationScheduling.swift in Sources */ = {isa = PBXBuildFile; fileRef = CA0000000000000000000108 /* NotificationScheduling.swift */; };
		CA0000000000000000000209 /* ListColor.swift in Sources */ = {isa = PBXBuildFile; fileRef = CA0000000000000000000109 /* ListColor.swift */; };
		CA0000000000000000000210 /* DateFormatters.swift in Sources */ = {isa = PBXBuildFile; fileRef = CA0000000000000000000110 /* DateFormatters.swift */; };
		CA0000000000000000000223 /* CalRemControlStyle.swift in Sources */ = {isa = PBXBuildFile; fileRef = CA0000000000000000000123 /* CalRemControlStyle.swift */; };
		CA0000000000000000000211 /* RootView.swift in Sources */ = {isa = PBXBuildFile; fileRef = CA0000000000000000000111 /* RootView.swift */; };
		CA0000000000000000000212 /* SidebarView.swift in Sources */ = {isa = PBXBuildFile; fileRef = CA0000000000000000000112 /* SidebarView.swift */; };
		CA0000000000000000000221 /* ListEditorSheet.swift in Sources */ = {isa = PBXBuildFile; fileRef = CA0000000000000000000121 /* ListEditorSheet.swift */; };
		CA0000000000000000000213 /* TaskListPanel.swift in Sources */ = {isa = PBXBuildFile; fileRef = CA0000000000000000000113 /* TaskListPanel.swift */; };
		CA0000000000000000000214 /* TaskRowView.swift in Sources */ = {isa = PBXBuildFile; fileRef = CA0000000000000000000114 /* TaskRowView.swift */; };
		CA0000000000000000000215 /* TaskEditorSheet.swift in Sources */ = {isa = PBXBuildFile; fileRef = CA0000000000000000000115 /* TaskEditorSheet.swift */; };
		CA0000000000000000000216 /* PlannerCalendarView.swift in Sources */ = {isa = PBXBuildFile; fileRef = CA0000000000000000000116 /* PlannerCalendarView.swift */; };
		CA0000000000000000000217 /* CalendarTaskChip.swift in Sources */ = {isa = PBXBuildFile; fileRef = CA0000000000000000000117 /* CalendarTaskChip.swift */; };
		CA0000000000000000000225 /* InteractiveCalendarTaskBlock.swift in Sources */ = {isa = PBXBuildFile; fileRef = CA0000000000000000000125 /* InteractiveCalendarTaskBlock.swift */; };
		CA0000000000000000000227 /* CalendarTaskInlineEditor.swift in Sources */ = {isa = PBXBuildFile; fileRef = CA0000000000000000000127 /* CalendarTaskInlineEditor.swift */; };
		CA0000000000000000000229 /* CalendarSwipeNavigationBridge.swift in Sources */ = {isa = PBXBuildFile; fileRef = CA0000000000000000000129 /* CalendarSwipeNavigationBridge.swift */; };
		CA0000000000000000000218 /* MonthCalendarView.swift in Sources */ = {isa = PBXBuildFile; fileRef = CA0000000000000000000118 /* MonthCalendarView.swift */; };
		CA0000000000000000000219 /* WeekCalendarView.swift in Sources */ = {isa = PBXBuildFile; fileRef = CA0000000000000000000119 /* WeekCalendarView.swift */; };
		CA0000000000000000000220 /* DayCalendarView.swift in Sources */ = {isa = PBXBuildFile; fileRef = CA0000000000000000000120 /* DayCalendarView.swift */; };
		CA0000000000000000000400 /* CalendarDateServiceTests.swift in Sources */ = {isa = PBXBuildFile; fileRef = CA0000000000000000000300 /* CalendarDateServiceTests.swift */; };
		CA0000000000000000000401 /* TaskScheduleValidatorTests.swift in Sources */ = {isa = PBXBuildFile; fileRef = CA0000000000000000000301 /* TaskScheduleValidatorTests.swift */; };
		CA0000000000000000000402 /* CalendarTaskLayoutServiceTests.swift in Sources */ = {isa = PBXBuildFile; fileRef = CA0000000000000000000302 /* CalendarTaskLayoutServiceTests.swift */; };
		CA0000000000000000000403 /* CalendarInteractionServiceTests.swift in Sources */ = {isa = PBXBuildFile; fileRef = CA0000000000000000000303 /* CalendarInteractionServiceTests.swift */; };
		CA0000000000000000000404 /* CalendarRecurrenceServiceTests.swift in Sources */ = {isa = PBXBuildFile; fileRef = CA0000000000000000000304 /* CalendarRecurrenceServiceTests.swift */; };
/* End PBXBuildFile section */

/* Begin PBXContainerItemProxy section */
		CA0000000000000000000071 /* PBXContainerItemProxy */ = {
			isa = PBXContainerItemProxy;
			containerPortal = CA0000000000000000000001 /* Project object */;
			proxyType = 1;
			remoteGlobalIDString = CA0000000000000000000050;
			remoteInfo = CalRem;
		};
/* End PBXContainerItemProxy section */

/* Begin PBXFileReference section */
		CA0000000000000000000010 /* CalRem.app */ = {isa = PBXFileReference; explicitFileType = wrapper.application; includeInIndex = 0; path = CalRem.app; sourceTree = BUILT_PRODUCTS_DIR; };
		CA0000000000000000000011 /* CalRemTests.xctest */ = {isa = PBXFileReference; explicitFileType = wrapper.cfbundle; includeInIndex = 0; path = CalRemTests.xctest; sourceTree = BUILT_PRODUCTS_DIR; };
		CA0000000000000000000100 /* CalRemApp.swift */ = {isa = PBXFileReference; lastKnownFileType = sourcecode.swift; path = App/CalRemApp.swift; sourceTree = "<group>"; };
		CA0000000000000000000101 /* TaskPriority.swift */ = {isa = PBXFileReference; lastKnownFileType = sourcecode.swift; path = Models/TaskPriority.swift; sourceTree = "<group>"; };
		CA0000000000000000000102 /* TaskList.swift */ = {isa = PBXFileReference; lastKnownFileType = sourcecode.swift; path = Models/TaskList.swift; sourceTree = "<group>"; };
		CA0000000000000000000103 /* TaskItem.swift */ = {isa = PBXFileReference; lastKnownFileType = sourcecode.swift; path = Models/TaskItem.swift; sourceTree = "<group>"; };
		CA0000000000000000000104 /* PersistenceController.swift */ = {isa = PBXFileReference; lastKnownFileType = sourcecode.swift; path = Persistence/PersistenceController.swift; sourceTree = "<group>"; };
		CA0000000000000000000105 /* CalendarMode.swift */ = {isa = PBXFileReference; lastKnownFileType = sourcecode.swift; path = Services/Calendar/CalendarMode.swift; sourceTree = "<group>"; };
		CA0000000000000000000106 /* CalendarDateService.swift */ = {isa = PBXFileReference; lastKnownFileType = sourcecode.swift; path = Services/Calendar/CalendarDateService.swift; sourceTree = "<group>"; };
		CA0000000000000000000107 /* TaskScheduleValidator.swift */ = {isa = PBXFileReference; lastKnownFileType = sourcecode.swift; path = Services/Calendar/TaskScheduleValidator.swift; sourceTree = "<group>"; };
		CA0000000000000000000122 /* CalendarTaskLayoutService.swift */ = {isa = PBXFileReference; lastKnownFileType = sourcecode.swift; path = Services/Calendar/CalendarTaskLayoutService.swift; sourceTree = "<group>"; };
		CA0000000000000000000124 /* CalendarInteractionService.swift */ = {isa = PBXFileReference; lastKnownFileType = sourcecode.swift; path = Services/Calendar/CalendarInteractionService.swift; sourceTree = "<group>"; };
		CA0000000000000000000126 /* CalendarTaskDraftSchedule.swift */ = {isa = PBXFileReference; lastKnownFileType = sourcecode.swift; path = Services/Calendar/CalendarTaskDraftSchedule.swift; sourceTree = "<group>"; };
		CA0000000000000000000128 /* CalendarTaskOccurrence.swift */ = {isa = PBXFileReference; lastKnownFileType = sourcecode.swift; path = Services/Calendar/CalendarTaskOccurrence.swift; sourceTree = "<group>"; };
		CA0000000000000000000108 /* NotificationScheduling.swift */ = {isa = PBXFileReference; lastKnownFileType = sourcecode.swift; path = Services/Notifications/NotificationScheduling.swift; sourceTree = "<group>"; };
		CA0000000000000000000109 /* ListColor.swift */ = {isa = PBXFileReference; lastKnownFileType = sourcecode.swift; path = DesignSystem/ListColor.swift; sourceTree = "<group>"; };
		CA0000000000000000000110 /* DateFormatters.swift */ = {isa = PBXFileReference; lastKnownFileType = sourcecode.swift; path = DesignSystem/DateFormatters.swift; sourceTree = "<group>"; };
		CA0000000000000000000123 /* CalRemControlStyle.swift */ = {isa = PBXFileReference; lastKnownFileType = sourcecode.swift; path = DesignSystem/CalRemControlStyle.swift; sourceTree = "<group>"; };
		CA0000000000000000000111 /* RootView.swift */ = {isa = PBXFileReference; lastKnownFileType = sourcecode.swift; path = Features/Root/RootView.swift; sourceTree = "<group>"; };
		CA0000000000000000000112 /* SidebarView.swift */ = {isa = PBXFileReference; lastKnownFileType = sourcecode.swift; path = Features/Sidebar/SidebarView.swift; sourceTree = "<group>"; };
		CA0000000000000000000121 /* ListEditorSheet.swift */ = {isa = PBXFileReference; lastKnownFileType = sourcecode.swift; path = Features/Sidebar/ListEditorSheet.swift; sourceTree = "<group>"; };
		CA0000000000000000000113 /* TaskListPanel.swift */ = {isa = PBXFileReference; lastKnownFileType = sourcecode.swift; path = Features/Tasks/TaskListPanel.swift; sourceTree = "<group>"; };
		CA0000000000000000000114 /* TaskRowView.swift */ = {isa = PBXFileReference; lastKnownFileType = sourcecode.swift; path = Features/Tasks/TaskRowView.swift; sourceTree = "<group>"; };
		CA0000000000000000000115 /* TaskEditorSheet.swift */ = {isa = PBXFileReference; lastKnownFileType = sourcecode.swift; path = Features/Tasks/TaskEditorSheet.swift; sourceTree = "<group>"; };
		CA0000000000000000000116 /* PlannerCalendarView.swift */ = {isa = PBXFileReference; lastKnownFileType = sourcecode.swift; path = Features/Calendar/PlannerCalendarView.swift; sourceTree = "<group>"; };
		CA0000000000000000000117 /* CalendarTaskChip.swift */ = {isa = PBXFileReference; lastKnownFileType = sourcecode.swift; path = Features/Calendar/CalendarTaskChip.swift; sourceTree = "<group>"; };
		CA0000000000000000000125 /* InteractiveCalendarTaskBlock.swift */ = {isa = PBXFileReference; lastKnownFileType = sourcecode.swift; path = Features/Calendar/InteractiveCalendarTaskBlock.swift; sourceTree = "<group>"; };
		CA0000000000000000000127 /* CalendarTaskInlineEditor.swift */ = {isa = PBXFileReference; lastKnownFileType = sourcecode.swift; path = Features/Calendar/CalendarTaskInlineEditor.swift; sourceTree = "<group>"; };
		CA0000000000000000000129 /* CalendarSwipeNavigationBridge.swift */ = {isa = PBXFileReference; lastKnownFileType = sourcecode.swift; path = Features/Calendar/CalendarSwipeNavigationBridge.swift; sourceTree = "<group>"; };
		CA0000000000000000000118 /* MonthCalendarView.swift */ = {isa = PBXFileReference; lastKnownFileType = sourcecode.swift; path = Features/Calendar/MonthCalendarView.swift; sourceTree = "<group>"; };
		CA0000000000000000000119 /* WeekCalendarView.swift */ = {isa = PBXFileReference; lastKnownFileType = sourcecode.swift; path = Features/Calendar/WeekCalendarView.swift; sourceTree = "<group>"; };
		CA0000000000000000000120 /* DayCalendarView.swift */ = {isa = PBXFileReference; lastKnownFileType = sourcecode.swift; path = Features/Calendar/DayCalendarView.swift; sourceTree = "<group>"; };
		CA0000000000000000000300 /* CalendarDateServiceTests.swift */ = {isa = PBXFileReference; lastKnownFileType = sourcecode.swift; path = CalendarDateServiceTests.swift; sourceTree = "<group>"; };
		CA0000000000000000000301 /* TaskScheduleValidatorTests.swift */ = {isa = PBXFileReference; lastKnownFileType = sourcecode.swift; path = TaskScheduleValidatorTests.swift; sourceTree = "<group>"; };
		CA0000000000000000000302 /* CalendarTaskLayoutServiceTests.swift */ = {isa = PBXFileReference; lastKnownFileType = sourcecode.swift; path = CalendarTaskLayoutServiceTests.swift; sourceTree = "<group>"; };
		CA0000000000000000000303 /* CalendarInteractionServiceTests.swift */ = {isa = PBXFileReference; lastKnownFileType = sourcecode.swift; path = CalendarInteractionServiceTests.swift; sourceTree = "<group>"; };
		CA0000000000000000000304 /* CalendarRecurrenceServiceTests.swift */ = {isa = PBXFileReference; lastKnownFileType = sourcecode.swift; path = CalendarRecurrenceServiceTests.swift; sourceTree = "<group>"; };
/* End PBXFileReference section */

/* Begin PBXFrameworksBuildPhase section */
		CA0000000000000000000061 /* Frameworks */ = {
			isa = PBXFrameworksBuildPhase;
			buildActionMask = 2147483647;
			files = (
			);
			runOnlyForDeploymentPostprocessing = 0;
		};
		CA0000000000000000000064 /* Frameworks */ = {
			isa = PBXFrameworksBuildPhase;
			buildActionMask = 2147483647;
			files = (
			);
			runOnlyForDeploymentPostprocessing = 0;
		};
/* End PBXFrameworksBuildPhase section */

/* Begin PBXGroup section */
		CA0000000000000000000002 = {
			isa = PBXGroup;
			children = (
				CA0000000000000000000004 /* CalRem */,
				CA0000000000000000000005 /* CalRemTests */,
				CA0000000000000000000003 /* Products */,
			);
			sourceTree = "<group>";
		};
		CA0000000000000000000003 /* Products */ = {
			isa = PBXGroup;
			children = (
				CA0000000000000000000010 /* CalRem.app */,
				CA0000000000000000000011 /* CalRemTests.xctest */,
			);
			name = Products;
			sourceTree = "<group>";
		};
		CA0000000000000000000004 /* CalRem */ = {
			isa = PBXGroup;
			children = (
				CA0000000000000000000100 /* CalRemApp.swift */,
				CA0000000000000000000101 /* TaskPriority.swift */,
				CA0000000000000000000102 /* TaskList.swift */,
				CA0000000000000000000103 /* TaskItem.swift */,
				CA0000000000000000000104 /* PersistenceController.swift */,
				CA0000000000000000000105 /* CalendarMode.swift */,
				CA0000000000000000000106 /* CalendarDateService.swift */,
				CA0000000000000000000107 /* TaskScheduleValidator.swift */,
				CA0000000000000000000122 /* CalendarTaskLayoutService.swift */,
				CA0000000000000000000124 /* CalendarInteractionService.swift */,
				CA0000000000000000000126 /* CalendarTaskDraftSchedule.swift */,
				CA0000000000000000000128 /* CalendarTaskOccurrence.swift */,
				CA0000000000000000000108 /* NotificationScheduling.swift */,
				CA0000000000000000000109 /* ListColor.swift */,
				CA0000000000000000000110 /* DateFormatters.swift */,
				CA0000000000000000000123 /* CalRemControlStyle.swift */,
				CA0000000000000000000111 /* RootView.swift */,
				CA0000000000000000000112 /* SidebarView.swift */,
				CA0000000000000000000121 /* ListEditorSheet.swift */,
				CA0000000000000000000113 /* TaskListPanel.swift */,
				CA0000000000000000000114 /* TaskRowView.swift */,
				CA0000000000000000000115 /* TaskEditorSheet.swift */,
				CA0000000000000000000116 /* PlannerCalendarView.swift */,
				CA0000000000000000000117 /* CalendarTaskChip.swift */,
				CA0000000000000000000125 /* InteractiveCalendarTaskBlock.swift */,
				CA0000000000000000000127 /* CalendarTaskInlineEditor.swift */,
				CA0000000000000000000129 /* CalendarSwipeNavigationBridge.swift */,
				CA0000000000000000000118 /* MonthCalendarView.swift */,
				CA0000000000000000000119 /* WeekCalendarView.swift */,
				CA0000000000000000000120 /* DayCalendarView.swift */,
			);
			path = CalRem;
			sourceTree = "<group>";
		};
		CA0000000000000000000005 /* CalRemTests */ = {
			isa = PBXGroup;
			children = (
				CA0000000000000000000300 /* CalendarDateServiceTests.swift */,
				CA0000000000000000000301 /* TaskScheduleValidatorTests.swift */,
				CA0000000000000000000302 /* CalendarTaskLayoutServiceTests.swift */,
				CA0000000000000000000303 /* CalendarInteractionServiceTests.swift */,
				CA0000000000000000000304 /* CalendarRecurrenceServiceTests.swift */,
			);
			path = CalRemTests;
			sourceTree = "<group>";
		};
/* End PBXGroup section */

/* Begin PBXNativeTarget section */
		CA0000000000000000000050 /* CalRem */ = {
			isa = PBXNativeTarget;
			buildConfigurationList = CA0000000000000000000081 /* Build configuration list for PBXNativeTarget "CalRem" */;
			buildPhases = (
				CA0000000000000000000060 /* Sources */,
				CA0000000000000000000061 /* Frameworks */,
				CA0000000000000000000062 /* Resources */,
			);
			buildRules = (
			);
			dependencies = (
			);
			name = CalRem;
			productName = CalRem;
			productReference = CA0000000000000000000010 /* CalRem.app */;
			productType = "com.apple.product-type.application";
		};
		CA0000000000000000000051 /* CalRemTests */ = {
			isa = PBXNativeTarget;
			buildConfigurationList = CA0000000000000000000082 /* Build configuration list for PBXNativeTarget "CalRemTests" */;
			buildPhases = (
				CA0000000000000000000063 /* Sources */,
				CA0000000000000000000064 /* Frameworks */,
				CA0000000000000000000065 /* Resources */,
			);
			buildRules = (
			);
			dependencies = (
				CA0000000000000000000070 /* PBXTargetDependency */,
			);
			name = CalRemTests;
			productName = CalRemTests;
			productReference = CA0000000000000000000011 /* CalRemTests.xctest */;
			productType = "com.apple.product-type.bundle.unit-test";
		};
/* End PBXNativeTarget section */

/* Begin PBXProject section */
		CA0000000000000000000001 /* Project object */ = {
			isa = PBXProject;
			attributes = {
				BuildIndependentTargetsInParallel = 1;
				LastSwiftUpdateCheck = 2660;
				LastUpgradeCheck = 2660;
				TargetAttributes = {
					CA0000000000000000000050 = {
						CreatedOnToolsVersion = 26.6;
					};
					CA0000000000000000000051 = {
						CreatedOnToolsVersion = 26.6;
						TestTargetID = CA0000000000000000000050;
					};
				};
			};
			buildConfigurationList = CA0000000000000000000080 /* Build configuration list for PBXProject "CalRem" */;
			compatibilityVersion = "Xcode 15.0";
			developmentRegion = en;
			hasScannedForEncodings = 0;
			knownRegions = (
				en,
				Base,
			);
			mainGroup = CA0000000000000000000002;
			productRefGroup = CA0000000000000000000003 /* Products */;
			projectDirPath = "";
			projectRoot = "";
			targets = (
				CA0000000000000000000050 /* CalRem */,
				CA0000000000000000000051 /* CalRemTests */,
			);
		};
/* End PBXProject section */

/* Begin PBXResourcesBuildPhase section */
		CA0000000000000000000062 /* Resources */ = {
			isa = PBXResourcesBuildPhase;
			buildActionMask = 2147483647;
			files = (
			);
			runOnlyForDeploymentPostprocessing = 0;
		};
		CA0000000000000000000065 /* Resources */ = {
			isa = PBXResourcesBuildPhase;
			buildActionMask = 2147483647;
			files = (
			);
			runOnlyForDeploymentPostprocessing = 0;
		};
/* End PBXResourcesBuildPhase section */

/* Begin PBXSourcesBuildPhase section */
		CA0000000000000000000060 /* Sources */ = {
			isa = PBXSourcesBuildPhase;
			buildActionMask = 2147483647;
			files = (
				CA0000000000000000000200 /* CalRemApp.swift in Sources */,
				CA0000000000000000000201 /* TaskPriority.swift in Sources */,
				CA0000000000000000000202 /* TaskList.swift in Sources */,
				CA0000000000000000000203 /* TaskItem.swift in Sources */,
				CA0000000000000000000204 /* PersistenceController.swift in Sources */,
				CA0000000000000000000205 /* CalendarMode.swift in Sources */,
				CA0000000000000000000206 /* CalendarDateService.swift in Sources */,
				CA0000000000000000000207 /* TaskScheduleValidator.swift in Sources */,
				CA0000000000000000000222 /* CalendarTaskLayoutService.swift in Sources */,
				CA0000000000000000000224 /* CalendarInteractionService.swift in Sources */,
				CA0000000000000000000226 /* CalendarTaskDraftSchedule.swift in Sources */,
				CA0000000000000000000228 /* CalendarTaskOccurrence.swift in Sources */,
				CA0000000000000000000208 /* NotificationScheduling.swift in Sources */,
				CA0000000000000000000209 /* ListColor.swift in Sources */,
				CA0000000000000000000210 /* DateFormatters.swift in Sources */,
				CA0000000000000000000223 /* CalRemControlStyle.swift in Sources */,
				CA0000000000000000000211 /* RootView.swift in Sources */,
				CA0000000000000000000212 /* SidebarView.swift in Sources */,
				CA0000000000000000000221 /* ListEditorSheet.swift in Sources */,
				CA0000000000000000000213 /* TaskListPanel.swift in Sources */,
				CA0000000000000000000214 /* TaskRowView.swift in Sources */,
				CA0000000000000000000215 /* TaskEditorSheet.swift in Sources */,
				CA0000000000000000000216 /* PlannerCalendarView.swift in Sources */,
				CA0000000000000000000217 /* CalendarTaskChip.swift in Sources */,
				CA0000000000000000000225 /* InteractiveCalendarTaskBlock.swift in Sources */,
				CA0000000000000000000227 /* CalendarTaskInlineEditor.swift in Sources */,
				CA0000000000000000000229 /* CalendarSwipeNavigationBridge.swift in Sources */,
				CA0000000000000000000218 /* MonthCalendarView.swift in Sources */,
				CA0000000000000000000219 /* WeekCalendarView.swift in Sources */,
				CA0000000000000000000220 /* DayCalendarView.swift in Sources */,
			);
			runOnlyForDeploymentPostprocessing = 0;
		};
		CA0000000000000000000063 /* Sources */ = {
			isa = PBXSourcesBuildPhase;
			buildActionMask = 2147483647;
			files = (
				CA0000000000000000000400 /* CalendarDateServiceTests.swift in Sources */,
				CA0000000000000000000401 /* TaskScheduleValidatorTests.swift in Sources */,
				CA0000000000000000000402 /* CalendarTaskLayoutServiceTests.swift in Sources */,
				CA0000000000000000000403 /* CalendarInteractionServiceTests.swift in Sources */,
				CA0000000000000000000404 /* CalendarRecurrenceServiceTests.swift in Sources */,
			);
			runOnlyForDeploymentPostprocessing = 0;
		};
/* End PBXSourcesBuildPhase section */

/* Begin PBXTargetDependency section */
		CA0000000000000000000070 /* PBXTargetDependency */ = {
			isa = PBXTargetDependency;
			target = CA0000000000000000000050 /* CalRem */;
			targetProxy = CA0000000000000000000071 /* PBXContainerItemProxy */;
		};
/* End PBXTargetDependency section */

/* Begin XCBuildConfiguration section */
		CA0000000000000000000090 /* Debug */ = {
			isa = XCBuildConfiguration;
			buildSettings = {
				ALWAYS_SEARCH_USER_PATHS = NO;
				CLANG_ANALYZER_NONNULL = YES;
				CLANG_ANALYZER_NUMBER_OBJECT_CONVERSION = YES_AGGRESSIVE;
				CLANG_CXX_LANGUAGE_STANDARD = "gnu++20";
				CLANG_ENABLE_MODULES = YES;
				CLANG_ENABLE_OBJC_ARC = YES;
				CLANG_ENABLE_OBJC_WEAK = YES;
				CLANG_WARN_BLOCK_CAPTURE_AUTORELEASING = YES;
				CLANG_WARN_BOOL_CONVERSION = YES;
				CLANG_WARN_COMMA = YES;
				CLANG_WARN_CONSTANT_CONVERSION = YES;
				CLANG_WARN_DEPRECATED_OBJC_IMPLEMENTATIONS = YES;
				CLANG_WARN_DIRECT_OBJC_ISA_USAGE = YES_ERROR;
				CLANG_WARN_DOCUMENTATION_COMMENTS = YES;
				CLANG_WARN_EMPTY_BODY = YES;
				CLANG_WARN_ENUM_CONVERSION = YES;
				CLANG_WARN_INFINITE_RECURSION = YES;
				CLANG_WARN_INT_CONVERSION = YES;
				CLANG_WARN_NON_LITERAL_NULL_CONVERSION = YES;
				CLANG_WARN_OBJC_IMPLICIT_RETAIN_SELF = YES;
				CLANG_WARN_OBJC_LITERAL_CONVERSION = YES;
				CLANG_WARN_OBJC_ROOT_CLASS = YES_ERROR;
				CLANG_WARN_QUOTED_INCLUDE_IN_FRAMEWORK_HEADER = YES;
				CLANG_WARN_RANGE_LOOP_ANALYSIS = YES;
				CLANG_WARN_STRICT_PROTOTYPES = YES;
				CLANG_WARN_SUSPICIOUS_MOVE = YES;
				CLANG_WARN_UNGUARDED_AVAILABILITY = YES_AGGRESSIVE;
				CLANG_WARN_UNREACHABLE_CODE = YES;
				CLANG_WARN__DUPLICATE_METHOD_MATCH = YES;
				COPY_PHASE_STRIP = NO;
				DEBUG_INFORMATION_FORMAT = dwarf;
				ENABLE_STRICT_OBJC_MSGSEND = YES;
				ENABLE_TESTABILITY = YES;
				ENABLE_USER_SCRIPT_SANDBOXING = YES;
				GCC_C_LANGUAGE_STANDARD = gnu17;
				GCC_DYNAMIC_NO_PIC = NO;
				GCC_NO_COMMON_BLOCKS = YES;
				GCC_OPTIMIZATION_LEVEL = 0;
				GCC_PREPROCESSOR_DEFINITIONS = (
					"DEBUG=1",
					"$(inherited)",
				);
				GCC_WARN_64_TO_32_BIT_CONVERSION = YES;
				GCC_WARN_ABOUT_RETURN_TYPE = YES_ERROR;
				GCC_WARN_UNDECLARED_SELECTOR = YES;
				GCC_WARN_UNINITIALIZED_AUTOS = YES_AGGRESSIVE;
				GCC_WARN_UNUSED_FUNCTION = YES;
				GCC_WARN_UNUSED_VARIABLE = YES;
				MACOSX_DEPLOYMENT_TARGET = 15.0;
				MTL_ENABLE_DEBUG_INFO = INCLUDE_SOURCE;
				MTL_FAST_MATH = YES;
				ONLY_ACTIVE_ARCH = YES;
				SDKROOT = macosx;
				SWIFT_ACTIVE_COMPILATION_CONDITIONS = DEBUG;
				SWIFT_OPTIMIZATION_LEVEL = "-Onone";
			};
			name = Debug;
		};
		CA0000000000000000000091 /* Release */ = {
			isa = XCBuildConfiguration;
			buildSettings = {
				ALWAYS_SEARCH_USER_PATHS = NO;
				CLANG_ANALYZER_NONNULL = YES;
				CLANG_ANALYZER_NUMBER_OBJECT_CONVERSION = YES_AGGRESSIVE;
				CLANG_CXX_LANGUAGE_STANDARD = "gnu++20";
				CLANG_ENABLE_MODULES = YES;
				CLANG_ENABLE_OBJC_ARC = YES;
				CLANG_ENABLE_OBJC_WEAK = YES;
				CLANG_WARN_BLOCK_CAPTURE_AUTORELEASING = YES;
				CLANG_WARN_BOOL_CONVERSION = YES;
				CLANG_WARN_COMMA = YES;
				CLANG_WARN_CONSTANT_CONVERSION = YES;
				CLANG_WARN_DEPRECATED_OBJC_IMPLEMENTATIONS = YES;
				CLANG_WARN_DIRECT_OBJC_ISA_USAGE = YES_ERROR;
				CLANG_WARN_DOCUMENTATION_COMMENTS = YES;
				CLANG_WARN_EMPTY_BODY = YES;
				CLANG_WARN_ENUM_CONVERSION = YES;
				CLANG_WARN_INFINITE_RECURSION = YES;
				CLANG_WARN_INT_CONVERSION = YES;
				CLANG_WARN_NON_LITERAL_NULL_CONVERSION = YES;
				CLANG_WARN_OBJC_IMPLICIT_RETAIN_SELF = YES;
				CLANG_WARN_OBJC_LITERAL_CONVERSION = YES;
				CLANG_WARN_OBJC_ROOT_CLASS = YES_ERROR;
				CLANG_WARN_QUOTED_INCLUDE_IN_FRAMEWORK_HEADER = YES;
				CLANG_WARN_RANGE_LOOP_ANALYSIS = YES;
				CLANG_WARN_STRICT_PROTOTYPES = YES;
				CLANG_WARN_SUSPICIOUS_MOVE = YES;
				CLANG_WARN_UNGUARDED_AVAILABILITY = YES_AGGRESSIVE;
				CLANG_WARN_UNREACHABLE_CODE = YES;
				CLANG_WARN__DUPLICATE_METHOD_MATCH = YES;
				COPY_PHASE_STRIP = NO;
				DEBUG_INFORMATION_FORMAT = "dwarf-with-dsym";
				ENABLE_NS_ASSERTIONS = NO;
				ENABLE_STRICT_OBJC_MSGSEND = YES;
				ENABLE_USER_SCRIPT_SANDBOXING = YES;
				GCC_C_LANGUAGE_STANDARD = gnu17;
				GCC_NO_COMMON_BLOCKS = YES;
				GCC_WARN_64_TO_32_BIT_CONVERSION = YES;
				GCC_WARN_ABOUT_RETURN_TYPE = YES_ERROR;
				GCC_WARN_UNDECLARED_SELECTOR = YES;
				GCC_WARN_UNINITIALIZED_AUTOS = YES_AGGRESSIVE;
				GCC_WARN_UNUSED_FUNCTION = YES;
				GCC_WARN_UNUSED_VARIABLE = YES;
				MACOSX_DEPLOYMENT_TARGET = 15.0;
				MTL_ENABLE_DEBUG_INFO = NO;
				MTL_FAST_MATH = YES;
				SDKROOT = macosx;
				SWIFT_COMPILATION_MODE = wholemodule;
				SWIFT_OPTIMIZATION_LEVEL = "-O";
			};
			name = Release;
		};
		CA0000000000000000000092 /* Debug */ = {
			isa = XCBuildConfiguration;
			buildSettings = {
				CODE_SIGN_STYLE = Automatic;
				COMBINE_HIDPI_IMAGES = YES;
				CURRENT_PROJECT_VERSION = 1;
				ENABLE_HARDENED_RUNTIME = YES;
				ENABLE_PREVIEWS = YES;
				GENERATE_INFOPLIST_FILE = YES;
				INFOPLIST_KEY_CFBundleDisplayName = CalRem;
				INFOPLIST_KEY_LSApplicationCategoryType = "public.app-category.productivity";
				LD_RUNPATH_SEARCH_PATHS = (
					"$(inherited)",
					"@executable_path/../Frameworks",
				);
				MARKETING_VERSION = 0.1.0;
				PRODUCT_BUNDLE_IDENTIFIER = com.uzalov.calrem;
				PRODUCT_NAME = "$(TARGET_NAME)";
				SWIFT_EMIT_LOC_STRINGS = YES;
				SWIFT_VERSION = 5.0;
			};
			name = Debug;
		};
		CA0000000000000000000093 /* Release */ = {
			isa = XCBuildConfiguration;
			buildSettings = {
				CODE_SIGN_STYLE = Automatic;
				COMBINE_HIDPI_IMAGES = YES;
				CURRENT_PROJECT_VERSION = 1;
				ENABLE_HARDENED_RUNTIME = YES;
				ENABLE_PREVIEWS = YES;
				GENERATE_INFOPLIST_FILE = YES;
				INFOPLIST_KEY_CFBundleDisplayName = CalRem;
				INFOPLIST_KEY_LSApplicationCategoryType = "public.app-category.productivity";
				LD_RUNPATH_SEARCH_PATHS = (
					"$(inherited)",
					"@executable_path/../Frameworks",
				);
				MARKETING_VERSION = 0.1.0;
				PRODUCT_BUNDLE_IDENTIFIER = com.uzalov.calrem;
				PRODUCT_NAME = "$(TARGET_NAME)";
				SWIFT_EMIT_LOC_STRINGS = YES;
				SWIFT_VERSION = 5.0;
			};
			name = Release;
		};
		CA0000000000000000000094 /* Debug */ = {
			isa = XCBuildConfiguration;
			buildSettings = {
				BUNDLE_LOADER = "$(TEST_HOST)";
				CODE_SIGN_STYLE = Automatic;
				CURRENT_PROJECT_VERSION = 1;
				GENERATE_INFOPLIST_FILE = YES;
				LD_RUNPATH_SEARCH_PATHS = (
					"$(inherited)",
					"@executable_path/../Frameworks",
					"@loader_path/../Frameworks",
				);
				MARKETING_VERSION = 0.1.0;
				PRODUCT_BUNDLE_IDENTIFIER = com.uzalov.calrem.tests;
				PRODUCT_NAME = "$(TARGET_NAME)";
				SWIFT_VERSION = 5.0;
				TEST_HOST = "$(BUILT_PRODUCTS_DIR)/CalRem.app/Contents/MacOS/CalRem";
			};
			name = Debug;
		};
		CA0000000000000000000095 /* Release */ = {
			isa = XCBuildConfiguration;
			buildSettings = {
				BUNDLE_LOADER = "$(TEST_HOST)";
				CODE_SIGN_STYLE = Automatic;
				CURRENT_PROJECT_VERSION = 1;
				GENERATE_INFOPLIST_FILE = YES;
				LD_RUNPATH_SEARCH_PATHS = (
					"$(inherited)",
					"@executable_path/../Frameworks",
					"@loader_path/../Frameworks",
				);
				MARKETING_VERSION = 0.1.0;
				PRODUCT_BUNDLE_IDENTIFIER = com.uzalov.calrem.tests;
				PRODUCT_NAME = "$(TARGET_NAME)";
				SWIFT_VERSION = 5.0;
				TEST_HOST = "$(BUILT_PRODUCTS_DIR)/CalRem.app/Contents/MacOS/CalRem";
			};
			name = Release;
		};
/* End XCBuildConfiguration section */

/* Begin XCConfigurationList section */
		CA0000000000000000000080 /* Build configuration list for PBXProject "CalRem" */ = {
			isa = XCConfigurationList;
			buildConfigurations = (
				CA0000000000000000000090 /* Debug */,
				CA0000000000000000000091 /* Release */,
			);
			defaultConfigurationIsVisible = 0;
			defaultConfigurationName = Release;
		};
		CA0000000000000000000081 /* Build configuration list for PBXNativeTarget "CalRem" */ = {
			isa = XCConfigurationList;
			buildConfigurations = (
				CA0000000000000000000092 /* Debug */,
				CA0000000000000000000093 /* Release */,
			);
			defaultConfigurationIsVisible = 0;
			defaultConfigurationName = Release;
		};
		CA0000000000000000000082 /* Build configuration list for PBXNativeTarget "CalRemTests" */ = {
			isa = XCConfigurationList;
			buildConfigurations = (
				CA0000000000000000000094 /* Debug */,
				CA0000000000000000000095 /* Release */,
			);
			defaultConfigurationIsVisible = 0;
			defaultConfigurationName = Release;
		};
/* End XCConfigurationList section */
	};
	rootObject = CA0000000000000000000001 /* Project object */;
}
